
Microsoft Visual Studio Solution File, Format Version 12.00
# Visual Studio Version 17
VisualStudioVersion = 17.11.35327.3
MinimumVisualStudioVersion = 10.0.40219.1
Project("{FAE04EC0-301F-11D3-BF4B-00C04F79EFBC}") = "Jauge_TP1", "Jauge_TP1\Jauge_TP1.csproj", "{12105FCC-EED5-4E15-9223-9DD97A782CFE}"
EndProject
Project("{2150E333-8FDC-42A3-9474-1A3956D46DE8}") = "Solution Items", "Solution Items", "{1030681C-3465-42EF-B55C-46500757A0C6}"
EndProject
Global
	GlobalSection(SolutionConfigurationPlatforms) = preSolution
		Debug|Any CPU = Debug|Any CPU
		Release|Any CPU = Release|Any CPU
	EndGlobalSection
	GlobalSection(ProjectConfigurationPlatforms) = postSolution
		{12105FCC-EED5-4E15-9223-9DD97A782CFE}.Debug|Any CPU.ActiveCfg = Debug|Any CPU
		{12105FCC-EED5-4E15-9223-9DD97A782CFE}.Debug|Any CPU.Build.0 = Debug|Any CPU
		{12105FCC-EED5-4E15-9223-9DD97A782CFE}.Release|Any CPU.ActiveCfg = Release|Any CPU
		{12105FCC-EED5-4E15-9223-9DD97A782CFE}.Release|Any CPU.Build.0 = Release|Any CPU
	EndGlobalSection
	GlobalSection(SolutionProperties) = preSolution
		HideSolutionNode = FALSE
	EndGlobalSection
	GlobalSection(ExtensibilityGlobals) = postSolution
		SolutionGuid = {6379D371-96E0-4C8F-A7CF-4BDC8D3F7943}
	EndGlobalSection
EndGlobal
